PODS:
  - Flutter (1.0.0)
  - share_platform_plugin (0.0.1):
    - Flutter

DEPENDENCIES:
  - Flutter (from `.symlinks/flutter/ios`)
  - share_platform_plugin (from `.symlinks/plugins/share_platform_plugin/ios`)

EXTERNAL SOURCES:
  Flutter:
    :path: ".symlinks/flutter/ios"
  share_platform_plugin:
    :path: ".symlinks/plugins/share_platform_plugin/ios"

SPEC CHECKSUMS:
  Flutter: 58dd7d1b27887414a370fcccb9e645c08ffd7a6a
  share_platform_plugin: 069009943d4fbe90cbc7c4694eec80cc770b55a3

PODFILE CHECKSUM: 7fb83752f59ead6285236625b82473f90b1cb932

COCOAPODS: 1.6.1
